
Microsoft Visual Studio Solution File, Format Version 12.00
# Visual Studio Version 17
VisualStudioVersion = 17.7.34202.233
MinimumVisualStudioVersion = 10.0.40219.1
Project("{8BC9CEB8-8B4A-11D0-8D11-00A0C91BC942}") = "Project2", "Project2.vcxproj", "{4040576C-6C07-4C80-93C3-AF140BADECB4}"
EndProject
Global
	GlobalSection(SolutionConfigurationPlatforms) = preSolution
		Debug|x64 = Debug|x64
		Debug|x86 = Debug|x86
		Release|x64 = Release|x64
		Release|x86 = Release|x86
	EndGlobalSection
	GlobalSection(ProjectConfigurationPlatforms) = postSolution
		{4040576C-6C07-4C80-93C3-AF140BADECB4}.Debug|x64.ActiveCfg = Debug|x64
		{4040576C-6C07-4C80-93C3-AF140BADECB4}.Debug|x64.Build.0 = Debug|x64
		{4040576C-6C07-4C80-93C3-AF140BADECB4}.Debug|x86.ActiveCfg = Debug|Win32
		{4040576C-6C07-4C80-93C3-AF140BADECB4}.Debug|x86.Build.0 = Debug|Win32
		{4040576C-6C07-4C80-93C3-AF140BADECB4}.Release|x64.ActiveCfg = Release|x64
		{4040576C-6C07-4C80-93C3-AF140BADECB4}.Release|x64.Build.0 = Release|x64
		{4040576C-6C07-4C80-93C3-AF140BADECB4}.Release|x86.ActiveCfg = Release|Win32
		{4040576C-6C07-4C80-93C3-AF140BADECB4}.Release|x86.Build.0 = Release|Win32
	EndGlobalSection
	GlobalSection(SolutionProperties) = preSolution
		HideSolutionNode = FALSE
	EndGlobalSection
	GlobalSection(ExtensibilityGlobals) = postSolution
		SolutionGuid = {A182D6B6-0E2F-4F48-A5F0-4AC7A46EBF5A}
	EndGlobalSection
EndGlobal
