
Microsoft Visual Studio Solution File, Format Version 12.00
# Visual Studio Version 17
VisualStudioVersion = 17.7.34202.233
MinimumVisualStudioVersion = 10.0.40219.1
Project("{8BC9CEB8-8B4A-11D0-8D11-00A0C91BC942}") = "给予随机数的矩阵创造", "给予随机数的矩阵创造.vcxproj", "{65977CE1-EA83-431C-B625-8AA649EDB7A5}"
EndProject
Global
	GlobalSection(SolutionConfigurationPlatforms) = preSolution
		Debug|x64 = Debug|x64
		Debug|x86 = Debug|x86
		Release|x64 = Release|x64
		Release|x86 = Release|x86
	EndGlobalSection
	GlobalSection(ProjectConfigurationPlatforms) = postSolution
		{65977CE1-EA83-431C-B625-8AA649EDB7A5}.Debug|x64.ActiveCfg = Debug|x64
		{65977CE1-EA83-431C-B625-8AA649EDB7A5}.Debug|x64.Build.0 = Debug|x64
		{65977CE1-EA83-431C-B625-8AA649EDB7A5}.Debug|x86.ActiveCfg = Debug|Win32
		{65977CE1-EA83-431C-B625-8AA649EDB7A5}.Debug|x86.Build.0 = Debug|Win32
		{65977CE1-EA83-431C-B625-8AA649EDB7A5}.Release|x64.ActiveCfg = Release|x64
		{65977CE1-EA83-431C-B625-8AA649EDB7A5}.Release|x64.Build.0 = Release|x64
		{65977CE1-EA83-431C-B625-8AA649EDB7A5}.Release|x86.ActiveCfg = Release|Win32
		{65977CE1-EA83-431C-B625-8AA649EDB7A5}.Release|x86.Build.0 = Release|Win32
	EndGlobalSection
	GlobalSection(SolutionProperties) = preSolution
		HideSolutionNode = FALSE
	EndGlobalSection
	GlobalSection(ExtensibilityGlobals) = postSolution
		SolutionGuid = {008A7C65-0AB4-4770-B327-5F4429684EF4}
	EndGlobalSection
EndGlobal
